
Microsoft Visual Studio Solution File, Format Version 12.00
Project("{FAE04EC0-301F-11D3-BF4B-00C04F79EFBC}") = "ShopApp.WebApi", "ShopApp.WebApi\ShopApp.WebApi.csproj", "{FFAB06A0-60F6-466E-9604-ED355C094A70}"
EndProject
Project("{FAE04EC0-301F-11D3-BF4B-00C04F79EFBC}") = "ShopApp.Domain", "ShopApp.Domain\ShopApp.Domain.csproj", "{E4C632F5-231D-44AC-9350-7FC38F1B8A18}"
EndProject
Project("{FAE04EC0-301F-11D3-BF4B-00C04F79EFBC}") = "ShopApp.DAL", "ShopApp.DAL\ShopApp.DAL.csproj", "{EF7EE5A0-7AE2-42DC-B911-FA536B0D741B}"
EndProject
Global
	GlobalSection(SolutionConfigurationPlatforms) = preSolution
		Debug|Any CPU = Debug|Any CPU
		Release|Any CPU = Release|Any CPU
	EndGlobalSection
	GlobalSection(ProjectConfigurationPlatforms) = postSolution
		{FFAB06A0-60F6-466E-9604-ED355C094A70}.Debug|Any CPU.ActiveCfg = Debug|Any CPU
		{FFAB06A0-60F6-466E-9604-ED355C094A70}.Debug|Any CPU.Build.0 = Debug|Any CPU
		{FFAB06A0-60F6-466E-9604-ED355C094A70}.Release|Any CPU.ActiveCfg = Release|Any CPU
		{FFAB06A0-60F6-466E-9604-ED355C094A70}.Release|Any CPU.Build.0 = Release|Any CPU
		{E4C632F5-231D-44AC-9350-7FC38F1B8A18}.Debug|Any CPU.ActiveCfg = Debug|Any CPU
		{E4C632F5-231D-44AC-9350-7FC38F1B8A18}.Debug|Any CPU.Build.0 = Debug|Any CPU
		{E4C632F5-231D-44AC-9350-7FC38F1B8A18}.Release|Any CPU.ActiveCfg = Release|Any CPU
		{E4C632F5-231D-44AC-9350-7FC38F1B8A18}.Release|Any CPU.Build.0 = Release|Any CPU
		{EF7EE5A0-7AE2-42DC-B911-FA536B0D741B}.Debug|Any CPU.ActiveCfg = Debug|Any CPU
		{EF7EE5A0-7AE2-42DC-B911-FA536B0D741B}.Debug|Any CPU.Build.0 = Debug|Any CPU
		{EF7EE5A0-7AE2-42DC-B911-FA536B0D741B}.Release|Any CPU.ActiveCfg = Release|Any CPU
		{EF7EE5A0-7AE2-42DC-B911-FA536B0D741B}.Release|Any CPU.Build.0 = Release|Any CPU
	EndGlobalSection
EndGlobal
