
Microsoft Visual Studio Solution File, Format Version 12.00
# Visual Studio Version 17
VisualStudioVersion = 17.8.34330.188
MinimumVisualStudioVersion = 10.0.40219.1
Project("{FAE04EC0-301F-11D3-BF4B-00C04F79EFBC}") = "Practice", "Practice\Practice.csproj", "{62E74287-E3D8-45BC-962F-36EA3D91061B}"
EndProject
Global
	GlobalSection(SolutionConfigurationPlatforms) = preSolution
		Debug|Any CPU = Debug|Any CPU
		Release|Any CPU = Release|Any CPU
	EndGlobalSection
	GlobalSection(ProjectConfigurationPlatforms) = postSolution
		{62E74287-E3D8-45BC-962F-36EA3D91061B}.Debug|Any CPU.ActiveCfg = Debug|Any CPU
		{62E74287-E3D8-45BC-962F-36EA3D91061B}.Debug|Any CPU.Build.0 = Debug|Any CPU
		{62E74287-E3D8-45BC-962F-36EA3D91061B}.Release|Any CPU.ActiveCfg = Release|Any CPU
		{62E74287-E3D8-45BC-962F-36EA3D91061B}.Release|Any CPU.Build.0 = Release|Any CPU
	EndGlobalSection
	GlobalSection(SolutionProperties) = preSolution
		HideSolutionNode = FALSE
	EndGlobalSection
	GlobalSection(ExtensibilityGlobals) = postSolution
		SolutionGuid = {943D0022-6651-40D7-BE0F-09888B4181CC}
	EndGlobalSection
EndGlobal
